// !$*UTF8*$!
{
	archiveVersion = 1;
	classes = {
	};
	objectVersion = 46;
	objects = {

/* Begin PBXBuildFile section */
		EF4E7B011BFF839D0020D051 /* hat-885402_640.jpg in Resources */ = {isa = PBXBuildFile; fileRef = EF4E7AFF1BFF839D0020D051 /* hat-885402_640.jpg */; };
		EF4E7B021BFF839D0020D051 /* milky-way-923801_640.jpg in Resources */ = {isa = PBXBuildFile; fileRef = EF4E7B001BFF839D0020D051 /* milky-way-923801_640.jpg */; };
		EF7350541BE7B7C800ABDAE9 /* AppDelegate.swift in Sources */ = {isa = PBXBuildFile; fileRef = EF7350531BE7B7C800ABDAE9 /* AppDelegate.swift */; };
		EF7350561BE7B7C800ABDAE9 /* MasterViewController.swift in Sources */ = {isa = PBXBuildFile; fileRef = EF7350551BE7B7C800ABDAE9 /* MasterViewController.swift */; };
		EF7350581BE7B7C800ABDAE9 /* DetailViewController.swift in Sources */ = {isa = PBXBuildFile; fileRef = EF7350571BE7B7C800ABDAE9 /* DetailViewController.swift */; };
		EF73505B1BE7B7C800ABDAE9 /* Main.storyboard in Resources */ = {isa = PBXBuildFile; fileRef = EF7350591BE7B7C800ABDAE9 /* Main.storyboard */; };
		EF73505D1BE7B7C800ABDAE9 /* Assets.xcassets in Resources */ = {isa = PBXBuildFile; fileRef = EF73505C1BE7B7C800ABDAE9 /* Assets.xcassets */; };
		EF7350601BE7B7C800ABDAE9 /* LaunchScreen.storyboard in Resources */ = {isa = PBXBuildFile; fileRef = EF73505E1BE7B7C800ABDAE9 /* LaunchScreen.storyboard */; };
		EF73511A1BE7E90300ABDAE9 /* TutorialModel.swift in Sources */ = {isa = PBXBuildFile; fileRef = EF7351191BE7E90300ABDAE9 /* TutorialModel.swift */; };
		EF7351201BE7F04600ABDAE9 /* WKWebViewExampleViewController.swift in Sources */ = {isa = PBXBuildFile; fileRef = EF73511F1BE7F04600ABDAE9 /* WKWebViewExampleViewController.swift */; };
		EF7CFFF71BFB7E67009DA8F1 /* UILocalNotificationExampleViewController.swift in Sources */ = {isa = PBXBuildFile; fileRef = EF7CFFF61BFB7E67009DA8F1 /* UILocalNotificationExampleViewController.swift */; };
		EF7CFFF91BFB7E89009DA8F1 /* UIAlertControllerExampleViewController.swift in Sources */ = {isa = PBXBuildFile; fileRef = EF7CFFF81BFB7E89009DA8F1 /* UIAlertControllerExampleViewController.swift */; };
		EF7CFFFB1BFB7EE3009DA8F1 /* MotionEffectsExampleViewController.swift in Sources */ = {isa = PBXBuildFile; fileRef = EF7CFFFA1BFB7EE3009DA8F1 /* MotionEffectsExampleViewController.swift */; };
		EF7CFFFD1BFB7F82009DA8F1 /* BlurrEffectExampleViewController.swift in Sources */ = {isa = PBXBuildFile; fileRef = EF7CFFFC1BFB7F82009DA8F1 /* BlurrEffectExampleViewController.swift */; };
/* End PBXBuildFile section */

/* Begin PBXFileReference section */
		EF4E7AFF1BFF839D0020D051 /* hat-885402_640.jpg */ = {isa = PBXFileReference; lastKnownFileType = image.jpeg; path = "hat-885402_640.jpg"; sourceTree = "<group>"; };
		EF4E7B001BFF839D0020D051 /* milky-way-923801_640.jpg */ = {isa = PBXFileReference; lastKnownFileType = image.jpeg; path = "milky-way-923801_640.jpg"; sourceTree = "<group>"; };
		EF7350501BE7B7C800ABDAE9 /* SwiftyWay.app */ = {isa = PBXFileReference; explicitFileType = wrapper.application; includeInIndex = 0; path = SwiftyWay.app; sourceTree = BUILT_PRODUCTS_DIR; };
		EF7350531BE7B7C800ABDAE9 /* AppDelegate.swift */ = {isa = PBXFileReference; lastKnownFileType = sourcecode.swift; path = AppDelegate.swift; sourceTree = "<group>"; };
		EF7350551BE7B7C800ABDAE9 /* MasterViewController.swift */ = {isa = PBXFileReference; lastKnownFileType = sourcecode.swift; path = MasterViewController.swift; sourceTree = "<group>"; };
		EF7350571BE7B7C800ABDAE9 /* DetailViewController.swift */ = {isa = PBXFileReference; lastKnownFileType = sourcecode.swift; path = DetailViewController.swift; sourceTree = "<group>"; };
		EF73505A1BE7B7C800ABDAE9 /* Base */ = {isa = PBXFileReference; lastKnownFileType = file.storyboard; name = Base; path = Base.lproj/Main.storyboard; sourceTree = "<group>"; };
		EF73505C1BE7B7C800ABDAE9 /* Assets.xcassets */ = {isa = PBXFileReference; lastKnownFileType = folder.assetcatalog; path = Assets.xcassets; sourceTree = "<group>"; };
		EF73505F1BE7B7C800ABDAE9 /* Base */ = {isa = PBXFileReference; lastKnownFileType = file.storyboard; name = Base; path = Base.lproj/LaunchScreen.storyboard; sourceTree = "<group>"; };
		EF7350611BE7B7C800ABDAE9 /* Info.plist */ = {isa = PBXFileReference; lastKnownFileType = text.plist.xml; path = Info.plist; sourceTree = "<group>"; };
		EF7351191BE7E90300ABDAE9 /* TutorialModel.swift */ = {isa = PBXFileReference; fileEncoding = 4; lastKnownFileType = sourcecode.swift; path = TutorialModel.swift; sourceTree = "<group>"; };
		EF73511F1BE7F04600ABDAE9 /* WKWebViewExampleViewController.swift */ = {isa = PBXFileReference; fileEncoding = 4; lastKnownFileType = sourcecode.swift; name = WKWebViewExampleViewController.swift; path = WKWebview/WKWebViewExampleViewController.swift; sourceTree = "<group>"; };
		EF7CFFF61BFB7E67009DA8F1 /* UILocalNotificationExampleViewController.swift */ = {isa = PBXFileReference; fileEncoding = 4; lastKnownFileType = sourcecode.swift; path = UILocalNotificationExampleViewController.swift; sourceTree = "<group>"; };
		EF7CFFF81BFB7E89009DA8F1 /* UIAlertControllerExampleViewController.swift */ = {isa = PBXFileReference; fileEncoding = 4; lastKnownFileType = sourcecode.swift; path = UIAlertControllerExampleViewController.swift; sourceTree = "<group>"; };
		EF7CFFFA1BFB7EE3009DA8F1 /* MotionEffectsExampleViewController.swift */ = {isa = PBXFileReference; fileEncoding = 4; lastKnownFileType = sourcecode.swift; path = MotionEffectsExampleViewController.swift; sourceTree = "<group>"; };
		EF7CFFFC1BFB7F82009DA8F1 /* BlurrEffectExampleViewController.swift */ = {isa = PBXFileReference; fileEncoding = 4; lastKnownFileType = sourcecode.swift; path = BlurrEffectExampleViewController.swift; sourceTree = "<group>"; };
/* End PBXFileReference section */

/* Begin PBXFrameworksBuildPhase section */
		EF73504D1BE7B7C800ABDAE9 /* Frameworks */ = {
			isa = PBXFrameworksBuildPhase;
			buildActionMask = 2147483647;
			files = (
			);
			runOnlyForDeploymentPostprocessing = 0;
		};
/* End PBXFrameworksBuildPhase section */

/* Begin PBXGroup section */
		EF4E7AFE1BFF839D0020D051 /* images */ = {
			isa = PBXGroup;
			children = (
				EF4E7AFF1BFF839D0020D051 /* hat-885402_640.jpg */,
				EF4E7B001BFF839D0020D051 /* milky-way-923801_640.jpg */,
			);
			path = images;
			sourceTree = "<group>";
		};
		EF7350471BE7B7C800ABDAE9 = {
			isa = PBXGroup;
			children = (
				EF7350521BE7B7C800ABDAE9 /* SwiftyWay */,
				EF7350511BE7B7C800ABDAE9 /* Products */,
			);
			sourceTree = "<group>";
		};
		EF7350511BE7B7C800ABDAE9 /* Products */ = {
			isa = PBXGroup;
			children = (
				EF7350501BE7B7C800ABDAE9 /* SwiftyWay.app */,
			);
			name = Products;
			sourceTree = "<group>";
		};
		EF7350521BE7B7C800ABDAE9 /* SwiftyWay */ = {
			isa = PBXGroup;
			children = (
				EF4E7AFE1BFF839D0020D051 /* images */,
				EF7CFFF21BFB7E13009DA8F1 /* Alert */,
				EF7CFFF31BFB7E13009DA8F1 /* EffectView */,
				EF7CFFF41BFB7E13009DA8F1 /* LocalNotification */,
				EF7CFFF51BFB7E13009DA8F1 /* MotionEffect */,
				EF7351221BE7F05F00ABDAE9 /* WKWebView */,
				EF7350531BE7B7C800ABDAE9 /* AppDelegate.swift */,
				EF7350551BE7B7C800ABDAE9 /* MasterViewController.swift */,
				EF7350571BE7B7C800ABDAE9 /* DetailViewController.swift */,
				EF7350591BE7B7C800ABDAE9 /* Main.storyboard */,
				EF73505C1BE7B7C800ABDAE9 /* Assets.xcassets */,
				EF73505E1BE7B7C800ABDAE9 /* LaunchScreen.storyboard */,
				EF7350611BE7B7C800ABDAE9 /* Info.plist */,
				EF7351191BE7E90300ABDAE9 /* TutorialModel.swift */,
			);
			path = SwiftyWay;
			sourceTree = "<group>";
		};
		EF7351221BE7F05F00ABDAE9 /* WKWebView */ = {
			isa = PBXGroup;
			children = (
				EF73511F1BE7F04600ABDAE9 /* WKWebViewExampleViewController.swift */,
			);
			name = WKWebView;
			sourceTree = "<group>";
		};
		EF7CFFF21BFB7E13009DA8F1 /* Alert */ = {
			isa = PBXGroup;
			children = (
				EF7CFFF81BFB7E89009DA8F1 /* UIAlertControllerExampleViewController.swift */,
			);
			path = Alert;
			sourceTree = "<group>";
		};
		EF7CFFF31BFB7E13009DA8F1 /* EffectView */ = {
			isa = PBXGroup;
			children = (
				EF7CFFFC1BFB7F82009DA8F1 /* BlurrEffectExampleViewController.swift */,
			);
			path = EffectView;
			sourceTree = "<group>";
		};
		EF7CFFF41BFB7E13009DA8F1 /* LocalNotification */ = {
			isa = PBXGroup;
			children = (
				EF7CFFF61BFB7E67009DA8F1 /* UILocalNotificationExampleViewController.swift */,
			);
			path = LocalNotification;
			sourceTree = "<group>";
		};
		EF7CFFF51BFB7E13009DA8F1 /* MotionEffect */ = {
			isa = PBXGroup;
			children = (
				EF7CFFFA1BFB7EE3009DA8F1 /* MotionEffectsExampleViewController.swift */,
			);
			path = MotionEffect;
			sourceTree = "<group>";
		};
/* End PBXGroup section */

/* Begin PBXNativeTarget section */
		EF73504F1BE7B7C800ABDAE9 /* SwiftyWay */ = {
			isa = PBXNativeTarget;
			buildConfigurationList = EF7350641BE7B7C800ABDAE9 /* Build configuration list for PBXNativeTarget "SwiftyWay" */;
			buildPhases = (
				EF73504C1BE7B7C800ABDAE9 /* Sources */,
				EF73504D1BE7B7C800ABDAE9 /* Frameworks */,
				EF73504E1BE7B7C800ABDAE9 /* Resources */,
			);
			buildRules = (
			);
			dependencies = (
			);
			name = SwiftyWay;
			productName = SwiftyWay;
			productReference = EF7350501BE7B7C800ABDAE9 /* SwiftyWay.app */;
			productType = "com.apple.product-type.application";
		};
/* End PBXNativeTarget section */

/* Begin PBXProject section */
		EF7350481BE7B7C800ABDAE9 /* Project object */ = {
			isa = PBXProject;
			attributes = {
				LastSwiftUpdateCheck = 0710;
				LastUpgradeCheck = 0710;
				ORGANIZATIONNAME = crimsonrgames;
				TargetAttributes = {
					EF73504F1BE7B7C800ABDAE9 = {
						CreatedOnToolsVersion = 7.1;
					};
				};
			};
			buildConfigurationList = EF73504B1BE7B7C800ABDAE9 /* Build configuration list for PBXProject "SwiftyWay" */;
			compatibilityVersion = "Xcode 3.2";
			developmentRegion = English;
			hasScannedForEncodings = 0;
			knownRegions = (
				en,
				Base,
			);
			mainGroup = EF7350471BE7B7C800ABDAE9;
			productRefGroup = EF7350511BE7B7C800ABDAE9 /* Products */;
			projectDirPath = "";
			projectRoot = "";
			targets = (
				EF73504F1BE7B7C800ABDAE9 /* SwiftyWay */,
			);
		};
/* End PBXProject section */

/* Begin PBXResourcesBuildPhase section */
		EF73504E1BE7B7C800ABDAE9 /* Resources */ = {
			isa = PBXResourcesBuildPhase;
			buildActionMask = 2147483647;
			files = (
				EF7350601BE7B7C800ABDAE9 /* LaunchScreen.storyboard in Resources */,
				EF4E7B021BFF839D0020D051 /* milky-way-923801_640.jpg in Resources */,
				EF73505D1BE7B7C800ABDAE9 /* Assets.xcassets in Resources */,
				EF73505B1BE7B7C800ABDAE9 /* Main.storyboard in Resources */,
				EF4E7B011BFF839D0020D051 /* hat-885402_640.jpg in Resources */,
			);
			runOnlyForDeploymentPostprocessing = 0;
		};
/* End PBXResourcesBuildPhase section */

/* Begin PBXSourcesBuildPhase section */
		EF73504C1BE7B7C800ABDAE9 /* Sources */ = {
			isa = PBXSourcesBuildPhase;
			buildActionMask = 2147483647;
			files = (
				EF7CFFFD1BFB7F82009DA8F1 /* BlurrEffectExampleViewController.swift in Sources */,
				EF7350581BE7B7C800ABDAE9 /* DetailViewController.swift in Sources */,
				EF7350561BE7B7C800ABDAE9 /* MasterViewController.swift in Sources */,
				EF7CFFF71BFB7E67009DA8F1 /* UILocalNotificationExampleViewController.swift in Sources */,
				EF7350541BE7B7C800ABDAE9 /* AppDelegate.swift in Sources */,
				EF7CFFFB1BFB7EE3009DA8F1 /* MotionEffectsExampleViewController.swift in Sources */,
				EF7351201BE7F04600ABDAE9 /* WKWebViewExampleViewController.swift in Sources */,
				EF73511A1BE7E90300ABDAE9 /* TutorialModel.swift in Sources */,
				EF7CFFF91BFB7E89009DA8F1 /* UIAlertControllerExampleViewController.swift in Sources */,
			);
			runOnlyForDeploymentPostprocessing = 0;
		};
/* End PBXSourcesBuildPhase section */

/* Begin PBXVariantGroup section */
		EF7350591BE7B7C800ABDAE9 /* Main.storyboard */ = {
			isa = PBXVariantGroup;
			children = (
				EF73505A1BE7B7C800ABDAE9 /* Base */,
			);
			name = Main.storyboard;
			sourceTree = "<group>";
		};
		EF73505E1BE7B7C800ABDAE9 /* LaunchScreen.storyboard */ = {
			isa = PBXVariantGroup;
			children = (
				EF73505F1BE7B7C800ABDAE9 /* Base */,
			);
			name = LaunchScreen.storyboard;
			sourceTree = "<group>";
		};
/* End PBXVariantGroup section */

/* Begin XCBuildConfiguration section */
		EF7350621BE7B7C800ABDAE9 /* Debug */ = {
			isa = XCBuildConfiguration;
			buildSettings = {
				ALWAYS_SEARCH_USER_PATHS = NO;
				CLANG_CXX_LANGUAGE_STANDARD = "gnu++0x";
				CLANG_CXX_LIBRARY = "libc++";
				CLANG_ENABLE_MODULES = YES;
				CLANG_ENABLE_OBJC_ARC = YES;
				CLANG_WARN_BOOL_CONVERSION = YES;
				CLANG_WARN_CONSTANT_CONVERSION = YES;
				CLANG_WARN_DIRECT_OBJC_ISA_USAGE = YES_ERROR;
				CLANG_WARN_EMPTY_BODY = YES;
				CLANG_WARN_ENUM_CONVERSION = YES;
				CLANG_WARN_INT_CONVERSION = YES;
				CLANG_WARN_OBJC_ROOT_CLASS = YES_ERROR;
				CLANG_WARN_UNREACHABLE_CODE = YES;
				CLANG_WARN__DUPLICATE_METHOD_MATCH = YES;
				"CODE_SIGN_IDENTITY[sdk=iphoneos*]" = "iPhone Developer";
				COPY_PHASE_STRIP = NO;
				DEBUG_INFORMATION_FORMAT = dwarf;
				ENABLE_STRICT_OBJC_MSGSEND = YES;
				ENABLE_TESTABILITY = YES;
				GCC_C_LANGUAGE_STANDARD = gnu99;
				GCC_DYNAMIC_NO_PIC = NO;
				GCC_NO_COMMON_BLOCKS = YES;
				GCC_OPTIMIZATION_LEVEL = 0;
				GCC_PREPROCESSOR_DEFINITIONS = (
					"DEBUG=1",
					"$(inherited)",
				);
				GCC_WARN_64_TO_32_BIT_CONVERSION = YES;
				GCC_WARN_ABOUT_RETURN_TYPE = YES_ERROR;
				GCC_WARN_UNDECLARED_SELECTOR = YES;
				GCC_WARN_UNINITIALIZED_AUTOS = YES_AGGRESSIVE;
				GCC_WARN_UNUSED_FUNCTION = YES;
				GCC_WARN_UNUSED_VARIABLE = YES;
				IPHONEOS_DEPLOYMENT_TARGET = 9.1;
				MTL_ENABLE_DEBUG_INFO = YES;
				ONLY_ACTIVE_ARCH = YES;
				SDKROOT = iphoneos;
				SWIFT_OPTIMIZATION_LEVEL = "-Onone";
			};
			name = Debug;
		};
		EF7350631BE7B7C800ABDAE9 /* Release */ = {
			isa = XCBuildConfiguration;
			buildSettings = {
				ALWAYS_SEARCH_USER_PATHS = NO;
				CLANG_CXX_LANGUAGE_STANDARD = "gnu++0x";
				CLANG_CXX_LIBRARY = "libc++";
				CLANG_ENABLE_MODULES = YES;
				CLANG_ENABLE_OBJC_ARC = YES;
				CLANG_WARN_BOOL_CONVERSION = YES;
				CLANG_WARN_CONSTANT_CONVERSION = YES;
				CLANG_WARN_DIRECT_OBJC_ISA_USAGE = YES_ERROR;
				CLANG_WARN_EMPTY_BODY = YES;
				CLANG_WARN_ENUM_CONVERSION = YES;
				CLANG_WARN_INT_CONVERSION = YES;
				CLANG_WARN_OBJC_ROOT_CLASS = YES_ERROR;
				CLANG_WARN_UNREACHABLE_CODE = YES;
				CLANG_WARN__DUPLICATE_METHOD_MATCH = YES;
				"CODE_SIGN_IDENTITY[sdk=iphoneos*]" = "iPhone Developer";
				COPY_PHASE_STRIP = NO;
				DEBUG_INFORMATION_FORMAT = "dwarf-with-dsym";
				ENABLE_NS_ASSERTIONS = NO;
				ENABLE_STRICT_OBJC_MSGSEND = YES;
				GCC_C_LANGUAGE_STANDARD = gnu99;
				GCC_NO_COMMON_BLOCKS = YES;
				GCC_WARN_64_TO_32_BIT_CONVERSION = YES;
				GCC_WARN_ABOUT_RETURN_TYPE = YES_ERROR;
				GCC_WARN_UNDECLARED_SELECTOR = YES;
				GCC_WARN_UNINITIALIZED_AUTOS = YES_AGGRESSIVE;
				GCC_WARN_UNUSED_FUNCTION = YES;
				GCC_WARN_UNUSED_VARIABLE = YES;
				IPHONEOS_DEPLOYMENT_TARGET = 9.1;
				MTL_ENABLE_DEBUG_INFO = NO;
				SDKROOT = iphoneos;
				VALIDATE_PRODUCT = YES;
			};
			name = Release;
		};
		EF7350651BE7B7C800ABDAE9 /* Debug */ = {
			isa = XCBuildConfiguration;
			buildSettings = {
				ASSETCATALOG_COMPILER_APPICON_NAME = AppIcon;
				INFOPLIST_FILE = SwiftyWay/Info.plist;
				LD_RUNPATH_SEARCH_PATHS = "$(inherited) @executable_path/Frameworks";
				PRODUCT_BUNDLE_IDENTIFIER = com.crimsonrgames.swift.SwiftyWay;
				PRODUCT_NAME = "$(TARGET_NAME)";
			};
			name = Debug;
		};
		EF7350661BE7B7C800ABDAE9 /* Release */ = {
			isa = XCBuildConfiguration;
			buildSettings = {
				ASSETCATALOG_COMPILER_APPICON_NAME = AppIcon;
				INFOPLIST_FILE = SwiftyWay/Info.plist;
				LD_RUNPATH_SEARCH_PATHS = "$(inherited) @executable_path/Frameworks";
				PRODUCT_BUNDLE_IDENTIFIER = com.crimsonrgames.swift.SwiftyWay;
				PRODUCT_NAME = "$(TARGET_NAME)";
			};
			name = Release;
		};
/* End XCBuildConfiguration section */

/* Begin XCConfigurationList section */
		EF73504B1BE7B7C800ABDAE9 /* Build configuration list for PBXProject "SwiftyWay" */ = {
			isa = XCConfigurationList;
			buildConfigurations = (
				EF7350621BE7B7C800ABDAE9 /* Debug */,
				EF7350631BE7B7C800ABDAE9 /* Release */,
			);
			defaultConfigurationIsVisible = 0;
			defaultConfigurationName = Release;
		};
		EF7350641BE7B7C800ABDAE9 /* Build configuration list for PBXNativeTarget "SwiftyWay" */ = {
			isa = XCConfigurationList;
			buildConfigurations = (
				EF7350651BE7B7C800ABDAE9 /* Debug */,
				EF7350661BE7B7C800ABDAE9 /* Release */,
			);
			defaultConfigurationIsVisible = 0;
			defaultConfigurationName = Release;
		};
/* End XCConfigurationList section */
	};
	rootObject = EF7350481BE7B7C800ABDAE9 /* Project object */;
}
